
Microsoft Visual Studio Solution File, Format Version 12.00
# Visual Studio 2012
Project("{FAE04EC0-301F-11D3-BF4B-00C04F79EFBC}") = "NorthPole", "NorthPole\NorthPole.csproj", "{12E28A93-2682-491E-95FF-7F994153AD65}"
EndProject
Global
	GlobalSection(SolutionConfigurationPlatforms) = preSolution
		Debug|Any CPU = Debug|Any CPU
		Release|Any CPU = Release|Any CPU
	EndGlobalSection
	GlobalSection(ProjectConfigurationPlatforms) = postSolution
		{12E28A93-2682-491E-95FF-7F994153AD65}.Debug|Any CPU.ActiveCfg = Debug|Any CPU
		{12E28A93-2682-491E-95FF-7F994153AD65}.Debug|Any CPU.Build.0 = Debug|Any CPU
		{12E28A93-2682-491E-95FF-7F994153AD65}.Release|Any CPU.ActiveCfg = Release|Any CPU
		{12E28A93-2682-491E-95FF-7F994153AD65}.Release|Any CPU.Build.0 = Release|Any CPU
	EndGlobalSection
	GlobalSection(SolutionProperties) = preSolution
		HideSolutionNode = FALSE
	EndGlobalSection
EndGlobal
